
Microsoft Visual Studio Solution File, Format Version 12.00
# Visual Studio Version 17
VisualStudioVersion = 17.7.34221.43
MinimumVisualStudioVersion = 10.0.40219.1
Project("{9A19103F-16F7-4668-BE54-9A1E7A4F7556}") = "GraphQL.Infrastructure", "GraphQL.Infrastructure\GraphQL.Infrastructure.csproj", "{1CC47714-5F78-40DA-B08D-D9258F54E590}"
EndProject
Project("{FAE04EC0-301F-11D3-BF4B-00C04F79EFBC}") = "GraphQL.Domain", "GraphQL.Domain\GraphQL.Domain.csproj", "{862A399A-6F35-47F9-82C0-47294D50FCA9}"
EndProject
Project("{9A19103F-16F7-4668-BE54-9A1E7A4F7556}") = "GraphQL.WebApi", "GraphQL.WebApi\GraphQL.WebApi.csproj", "{A2444755-25B4-423F-B8D8-D4A6F2920E7B}"
EndProject
Project("{2150E333-8FDC-42A3-9474-1A3956D46DE8}") = "Solution Items", "Solution Items", "{8D0FBB44-7F53-434A-9857-C49236D4ADCA}"
	ProjectSection(SolutionItems) = preProject
		README.md = README.md
	EndProjectSection
EndProject
Global
	GlobalSection(SolutionConfigurationPlatforms) = preSolution
		Debug|Any CPU = Debug|Any CPU
		Release|Any CPU = Release|Any CPU
	EndGlobalSection
	GlobalSection(ProjectConfigurationPlatforms) = postSolution
		{1CC47714-5F78-40DA-B08D-D9258F54E590}.Debug|Any CPU.ActiveCfg = Debug|Any CPU
		{1CC47714-5F78-40DA-B08D-D9258F54E590}.Debug|Any CPU.Build.0 = Debug|Any CPU
		{1CC47714-5F78-40DA-B08D-D9258F54E590}.Release|Any CPU.ActiveCfg = Release|Any CPU
		{1CC47714-5F78-40DA-B08D-D9258F54E590}.Release|Any CPU.Build.0 = Release|Any CPU
		{862A399A-6F35-47F9-82C0-47294D50FCA9}.Debug|Any CPU.ActiveCfg = Debug|Any CPU
		{862A399A-6F35-47F9-82C0-47294D50FCA9}.Debug|Any CPU.Build.0 = Debug|Any CPU
		{862A399A-6F35-47F9-82C0-47294D50FCA9}.Release|Any CPU.ActiveCfg = Release|Any CPU
		{862A399A-6F35-47F9-82C0-47294D50FCA9}.Release|Any CPU.Build.0 = Release|Any CPU
		{A2444755-25B4-423F-B8D8-D4A6F2920E7B}.Debug|Any CPU.ActiveCfg = Debug|Any CPU
		{A2444755-25B4-423F-B8D8-D4A6F2920E7B}.Debug|Any CPU.Build.0 = Debug|Any CPU
		{A2444755-25B4-423F-B8D8-D4A6F2920E7B}.Release|Any CPU.ActiveCfg = Release|Any CPU
		{A2444755-25B4-423F-B8D8-D4A6F2920E7B}.Release|Any CPU.Build.0 = Release|Any CPU
	EndGlobalSection
	GlobalSection(SolutionProperties) = preSolution
		HideSolutionNode = FALSE
	EndGlobalSection
	GlobalSection(ExtensibilityGlobals) = postSolution
		SolutionGuid = {EC961B89-9970-4505-8595-20FEEBF4CAE2}
	EndGlobalSection
EndGlobal
